PODS:
  - AFNetworking (3.2.1):
    - AFNetworking/NSURLSession (= 3.2.1)
    - AFNetworking/Reachability (= 3.2.1)
    - AFNetworking/Security (= 3.2.1)
    - AFNetworking/Serialization (= 3.2.1)
    - AFNetworking/UIKit (= 3.2.1)
  - AFNetworking/NSURLSession (3.2.1):
    - AFNetworking/Reachability
    - AFNetworking/Security
    - AFNetworking/Serialization
  - AFNetworking/Reachability (3.2.1)
  - AFNetworking/Security (3.2.1)
  - AFNetworking/Serialization (3.2.1)
  - AFNetworking/UIKit (3.2.1):
    - AFNetworking/NSURLSession
  - AliyunOSSiOS (2.10.7)
  - Bugly (2.5.0)
  - FMDB (2.7.5):
    - FMDB/standard (= 2.7.5)
  - FMDB/standard (2.7.5)
  - IGListKit (3.4.0):
    - IGListKit/Default (= 3.4.0)
  - IGListKit/Default (3.4.0):
    - IGListKit/Diffing
  - IGListKit/Diffing (3.4.0)
  - JSONModel (1.8.0)
  - Masonry (1.1.0)
  - MJRefresh (3.2.0)
  - MLLabel (1.10.5)
  - SDCycleScrollView (1.80):
    - SDWebImage (>= 5.0.0)
  - SDWebImage (5.0.6):
    - SDWebImage/Core (= 5.0.6)
  - SDWebImage/Core (5.0.6)
  - SVProgressHUD (2.2.5)

DEPENDENCIES:
  - AFNetworking (= 3.2.1)
  - AliyunOSSiOS
  - Bugly
  - FMDB
  - IGListKit (= 3.4.0)
  - JSONModel (= 1.8.0)
  - Masonry (= 1.1.0)
  - MJRefresh (= 3.2.0)
  - MLLabel (= 1.10.5)
  - SDCycleScrollView
  - SDWebImage
  - SVProgressHUD

SPEC REPOS:
  https://github.com/cocoapods/specs.git:
    - AFNetworking
    - AliyunOSSiOS
    - Bugly
    - FMDB
    - IGListKit
    - JSONModel
    - Masonry
    - MJRefresh
    - MLLabel
    - SDCycleScrollView
    - SDWebImage
    - SVProgressHUD

SPEC CHECKSUMS:
  AFNetworking: b6f891fdfaed196b46c7a83cf209e09697b94057
  AliyunOSSiOS: 602b6a4e70e62a5f0a6431c20496343141d7e66f
  Bugly: 3ca9f255c01025582df26f9222893b383c7e4b4e
  FMDB: 2ce00b547f966261cd18927a3ddb07cb6f3db82a
  IGListKit: 7a5d788e9fb746bcd402baa8e8b24bc3bd2a5a07
  JSONModel: 02ab723958366a3fd27da57ea2af2113658762e9
  Masonry: 678fab65091a9290e40e2832a55e7ab731aad201
  MJRefresh: ed450d6eb9d3346a2cb033ab7eb6de090aeef437
  MLLabel: d76124055a2205e7f76878e62cd06ba925ba0c97
  SDCycleScrollView: b3c9a5ed840c771c4938978174c7c9d9feefeb96
  SDWebImage: 920f1a2ff1ca8296ad34f6e0510a1ef1d70ac965
  SVProgressHUD: 1428aafac632c1f86f62aa4243ec12008d7a51d6

PODFILE CHECKSUM: 4598093e12886e16e9bccd3462ced1f347ac3c93

COCOAPODS: 1.6.1
